
Microsoft Visual Studio Solution File, Format Version 12.00
# Visual Studio 15
VisualStudioVersion = 15.0.27428.2037
MinimumVisualStudioVersion = 10.0.40219.1
Project("{9A19103F-16F7-4668-BE54-9A1E7A4F7556}") = "M32COM_CW", "M32COM_CW\M32COM_CW.csproj", "{43CC71D0-DB18-47E0-B956-FE9CE4058CD0}"
EndProject
Project("{FAE04EC0-301F-11D3-BF4B-00C04F79EFBC}") = "M32COM_CW_TESTS", "M32COM_CW_TESTS\M32COM_CW_TESTS.csproj", "{6BE6E08B-E123-49BE-93F6-29F9DEFB46D2}"
EndProject
Global
	GlobalSection(SolutionConfigurationPlatforms) = preSolution
		Debug|Any CPU = Debug|Any CPU
		Release|Any CPU = Release|Any CPU
	EndGlobalSection
	GlobalSection(ProjectConfigurationPlatforms) = postSolution
		{43CC71D0-DB18-47E0-B956-FE9CE4058CD0}.Debug|Any CPU.ActiveCfg = Debug|Any CPU
		{43CC71D0-DB18-47E0-B956-FE9CE4058CD0}.Debug|Any CPU.Build.0 = Debug|Any CPU
		{43CC71D0-DB18-47E0-B956-FE9CE4058CD0}.Release|Any CPU.ActiveCfg = Release|Any CPU
		{43CC71D0-DB18-47E0-B956-FE9CE4058CD0}.Release|Any CPU.Build.0 = Release|Any CPU
		{6BE6E08B-E123-49BE-93F6-29F9DEFB46D2}.Debug|Any CPU.ActiveCfg = Debug|Any CPU
		{6BE6E08B-E123-49BE-93F6-29F9DEFB46D2}.Debug|Any CPU.Build.0 = Debug|Any CPU
		{6BE6E08B-E123-49BE-93F6-29F9DEFB46D2}.Release|Any CPU.ActiveCfg = Release|Any CPU
		{6BE6E08B-E123-49BE-93F6-29F9DEFB46D2}.Release|Any CPU.Build.0 = Release|Any CPU
	EndGlobalSection
	GlobalSection(SolutionProperties) = preSolution
		HideSolutionNode = FALSE
	EndGlobalSection
	GlobalSection(ExtensibilityGlobals) = postSolution
		SolutionGuid = {BA63786D-D1D2-41CF-82A2-82D5B0F40AD3}
	EndGlobalSection
EndGlobal
